
Microsoft Visual Studio Solution File, Format Version 12.00
# Visual Studio 14
VisualStudioVersion = 14.0.25420.1
MinimumVisualStudioVersion = 10.0.40219.1
Project("{FAE04EC0-301F-11D3-BF4B-00C04F79EFBC}") = "AutomatedDeployService", "AutomatedDeployService\AutomatedDeployService.csproj", "{127C362C-7E28-4328-9557-C829766AF143}"
EndProject
Global
	GlobalSection(SolutionConfigurationPlatforms) = preSolution
		Debug|Any CPU = Debug|Any CPU
		Release|Any CPU = Release|Any CPU
	EndGlobalSection
	GlobalSection(ProjectConfigurationPlatforms) = postSolution
		{127C362C-7E28-4328-9557-C829766AF143}.Debug|Any CPU.ActiveCfg = Debug|Any CPU
		{127C362C-7E28-4328-9557-C829766AF143}.Debug|Any CPU.Build.0 = Debug|Any CPU
		{127C362C-7E28-4328-9557-C829766AF143}.Release|Any CPU.ActiveCfg = Release|Any CPU
		{127C362C-7E28-4328-9557-C829766AF143}.Release|Any CPU.Build.0 = Release|Any CPU
	EndGlobalSection
	GlobalSection(SolutionProperties) = preSolution
		HideSolutionNode = FALSE
	EndGlobalSection
EndGlobal
